lockfileVersion: 5.4

specifiers:
  '@cloudflare/workers-types': ^3.4.0
  '@cloudflare/wrangler': ^1.19.12
  cross-env: ^7.0.3
  esbuild: ^0.14.30
  itty-router: ^2.6.1
  miniflare: ^2.4.0
  nope-validator: ^1.0.2
  prettier: ^1.18.2
  typescript: ^4.6.3

dependencies:
  itty-router: 2.6.1
  nope-validator: 1.0.2

devDependencies:
  '@cloudflare/workers-types': 3.4.0
  '@cloudflare/wrangler': 1.19.12
  cross-env: 7.0.3
  esbuild: 0.14.30
  miniflare: 2.4.0
  prettier: 1.19.1
  typescript: 4.6.3

packages:

  /@cloudflare/workers-types/3.4.0:
    resolution: {integrity: sha512-i/3czUrt6YqbOWl44OtIqd0cSZvEVXp/1oD/DZylC4PHZL3q/BhbamdEVeVhc/HPk4iD/7MZ2HGaIMO4Z4b12A==}
    dev: true

  /@cloudflare/wrangler/1.19.12:
    resolution: {integrity: sha512-ALuQDzJetYGqzNuIa3KY8S8X9rvZjIh5uEY3nK31jV/EmBamiiSJn4XIdPuSn65FaEmmZem78OJIWFyu80OIuA==}
    hasBin: true
    requiresBuild: true
    dependencies:
      axios: 0.21.4
      rimraf: 3.0.2
      tar: 6.1.11
    transitivePeerDependencies:
      - debug
    dev: true

  /@iarna/toml/2.2.5:
    resolution: {integrity: sha512-trnsAYxU3xnS1gPHPyU961coFyLkh4gAD/0zQ5mymY4yOZ+CYvsPqUbOFSw0aDM4y0tV7tiFxL/1XfXPNC6IPg==}
    dev: true

  /@miniflare/cache/2.4.0:
    resolution: {integrity: sha512-tMDXlUVlThgFubJmlxZoKmLK8kBxDmuMbVMt7csHpXegzkuo2TmIsDqBE/C3CRiJ5xeCQgpD6iZtKBu5Zn5fRA==}
    engines: {node: '>=16.7'}
    dependencies:
      '@miniflare/core': 2.4.0
      '@miniflare/shared': 2.4.0
      http-cache-semantics: 4.1.0
      undici: 4.13.0
    dev: true

  /@miniflare/cli-parser/2.4.0:
    resolution: {integrity: sha512-Xr5lO8f+oIr9r/b2dfo0on1p0MNN+pkwRHWoY5ACSnp9FaGnwm/g71DM7AajIQPIk0TpRsSVNDx8Ygj1LPT+sQ==}
    engines: {node: '>=16.7'}
    dependencies:
      '@miniflare/shared': 2.4.0
      kleur: 4.1.4
    dev: true

  /@miniflare/core/2.4.0:
    resolution: {integrity: sha512-vYl8xaWTFzxtkbzx3IkT4Py0OAFdfmFnVo627O1HKHWVGlkjVr8UKtxBpIR+f5pq/HCMzzqA1HM9FXO0dQfy3A==}
    engines: {node: '>=16.7'}
    dependencies:
      '@iarna/toml': 2.2.5
      '@miniflare/shared': 2.4.0
      '@miniflare/watcher': 2.4.0
      busboy: 0.3.1
      dotenv: 10.0.0
      kleur: 4.1.4
      set-cookie-parser: 2.4.8
      undici: 4.13.0
    dev: true

  /@miniflare/durable-objects/2.4.0:
    resolution: {integrity: sha512-VVLaUXXcAQcYE/3YmDLTacZf5OzR8bib6q1T9NqVb0uK5sLMQqyHvQdsG5rMqs7iyxfJxyZ0bL2OW9XGALOkoQ==}
    engines: {node: '>=16.7'}
    dependencies:
      '@miniflare/core': 2.4.0
      '@miniflare/shared': 2.4.0
      '@miniflare/storage-memory': 2.4.0
      undici: 4.13.0
    dev: true

  /@miniflare/html-rewriter/2.4.0:
    resolution: {integrity: sha512-ZG8819N7LelDD+8+Ss5FZpVyQQq/V2igod0qE68JK4he/w4/yn57Rk6Efb49y15HoHAXl2RpCCsnCyIow/Xjug==}
    engines: {node: '>=16.7'}
    dependencies:
      '@miniflare/core': 2.4.0
      '@miniflare/shared': 2.4.0
      html-rewriter-wasm: 0.4.1
      undici: 4.13.0
    dev: true

  /@miniflare/http-server/2.4.0:
    resolution: {integrity: sha512-r6Z/nqxE0oa1z63L95yvnG0PUeLRxZOeGS7ADxZMFKan4WD5lvYtSKDuDEm0lkbQshCOHQ3uXFr0cotOm8JoMQ==}
    engines: {node: '>=16.7'}
    dependencies:
      '@miniflare/core': 2.4.0
      '@miniflare/shared': 2.4.0
      '@miniflare/web-sockets': 2.4.0
      kleur: 4.1.4
      selfsigned: 2.0.1
      undici: 4.13.0
      ws: 8.5.0
      youch: 2.2.2
    transitivePeerDependencies:
      - bufferutil
      - utf-8-validate
    dev: true

  /@miniflare/kv/2.4.0:
    resolution: {integrity: sha512-1UW7f1386xR6EDEXNZOR1TpFwQfRRSxUPqD6m/U0WprlsbM0cIYGz+AUeaVbkFf8lfE2MeXCUrjbWsLOvsnw3g==}
    engines: {node: '>=16.7'}
    dependencies:
      '@miniflare/shared': 2.4.0
    dev: true

  /@miniflare/runner-vm/2.4.0:
    resolution: {integrity: sha512-7sdwBYzXQTwYeR3tTvQ+vJfzc7BXwqR8AUPK9l5gvCtg+Geq9sMslr5SikIJpgcvbYqKDjvC9DQEPJ3sqr9cSQ==}
    engines: {node: '>=16.7'}
    dependencies:
      '@miniflare/shared': 2.4.0
    dev: true

  /@miniflare/scheduler/2.4.0:
    resolution: {integrity: sha512-dfMCXoAS8Y+3xABNxYju62I2xIBS54Op7ohCHoatvAM5RvualJUPICEMPZzX6/z29q5xPIeSLhLDhl/asAQ19w==}
    engines: {node: '>=16.7'}
    dependencies:
      '@miniflare/core': 2.4.0
      '@miniflare/shared': 2.4.0
      cron-schedule: 3.0.5
    dev: true

  /@miniflare/shared/2.4.0:
    resolution: {integrity: sha512-lPQFzBUVGNQ93gQ/dliToWnO0OqAgsD3/902Pd/IixVSRwRj3BTnYv2dHMUKZcODBPrhnbqZeqcPWdBLzEx8uw==}
    engines: {node: '>=16.7'}
    dependencies:
      ignore: 5.2.0
      kleur: 4.1.4
    dev: true

  /@miniflare/sites/2.4.0:
    resolution: {integrity: sha512-YZy/TujnR1lkBvCncDDQ8tsWsXRE4JJ4x9a0bKN/XnZh7r6OhDM0sw4BFcBQhT6Ukdtttam1O3FlJxnMitrDGg==}
    engines: {node: '>=16.7'}
    dependencies:
      '@miniflare/kv': 2.4.0
      '@miniflare/shared': 2.4.0
      '@miniflare/storage-file': 2.4.0
    dev: true

  /@miniflare/storage-file/2.4.0:
    resolution: {integrity: sha512-f1AUMz8xps/4VhNJMb8JeCevZFeU4pg2lIWmC11gG4xeq2nibTPBi6Qtx594Le7ZKij/tF6rRsoNfGau2Q5gdw==}
    engines: {node: '>=16.7'}
    dependencies:
      '@miniflare/shared': 2.4.0
      '@miniflare/storage-memory': 2.4.0
    dev: true

  /@miniflare/storage-memory/2.4.0:
    resolution: {integrity: sha512-mhWwgHhDNtEa7y1bYbdVucV0lqUmzagYXUSppAdSGS5JPyJMyw3HseqRNTk6gC/vKlvEYlFf3ugWcREGCedr9A==}
    engines: {node: '>=16.7'}
    dependencies:
      '@miniflare/shared': 2.4.0
    dev: true

  /@miniflare/watcher/2.4.0:
    resolution: {integrity: sha512-gDQRUxwOjmctvowyd4Hcdy3fjxz3ERKzirp6TvA3AWUohKZk3IhwGlaA8aCwbdP+ELYQlG5wK44AfLSGi956fg==}
    engines: {node: '>=16.7'}
    dependencies:
      '@miniflare/shared': 2.4.0
    dev: true

  /@miniflare/web-sockets/2.4.0:
    resolution: {integrity: sha512-cz/cN0GoQOXRLh80UmlcEJODPIw2ijKBK3PLRzvfTzqQ5avK6wp2M8Fj8C/5JIT6g7siwvBANyKXD3U3RpKGHQ==}
    engines: {node: '>=16.7'}
    dependencies:
      '@miniflare/core': 2.4.0
      '@miniflare/shared': 2.4.0
      undici: 4.13.0
      ws: 8.5.0
    transitivePeerDependencies:
      - bufferutil
      - utf-8-validate
    dev: true

  /@types/stack-trace/0.0.29:
    resolution: {integrity: sha512-TgfOX+mGY/NyNxJLIbDWrO9DjGoVSW9+aB8H2yy1fy32jsvxijhmyJI9fDFgvz3YP4lvJaq9DzdR/M1bOgVc9g==}
    dev: true

  /axios/0.21.4:
    resolution: {integrity: sha512-ut5vewkiu8jjGBdqpM44XxjuCjq9LAKeHVmoVfHVzy8eHgxxq8SbAVQNovDA8mVi05kP0Ea/n/UzcSHcTJQfNg==}
    dependencies:
      follow-redirects: 1.15.1
    transitivePeerDependencies:
      - debug
    dev: true

  /balanced-match/1.0.2:
    resolution: {integrity: sha512-3oSeUO0TMV67hN1AmbXsK4yaqU7tjiHlbxRDZOpH0KW9+CeX4bRAaX0Anxt0tx2MrpRpWwQaPwIlISEJhYU5Pw==}
    dev: true

  /brace-expansion/1.1.11:
    resolution: {integrity: sha512-iCuPHDFgrHX7H2vEI/5xpz07zSHB00TpugqhmYtVmMO6518mCuRMoOYFldEBl0g187ufozdaHgWKcYFb61qGiA==}
    dependencies:
      balanced-match: 1.0.2
      concat-map: 0.0.1
    dev: true

  /buffer-from/1.1.2:
    resolution: {integrity: sha512-E+XQCRwSbaaiChtv6k6Dwgc+bx+Bs6vuKJHHl5kox/BaKbhiXzqQOwK4cO22yElGp2OCmjwVhT3HmxgyPGnJfQ==}
    dev: true

  /busboy/0.3.1:
    resolution: {integrity: sha512-y7tTxhGKXcyBxRKAni+awqx8uqaJKrSFSNFSeRG5CsWNdmy2BIK+6VGWEW7TZnIO/533mtMEA4rOevQV815YJw==}
    engines: {node: '>=4.5.0'}
    dependencies:
      dicer: 0.3.0
    dev: true

  /chownr/2.0.0:
    resolution: {integrity: sha512-bIomtDF5KGpdogkLd9VspvFzk9KfpyyGlS8YFVZl7TGPBHL5snIOnxeshwVgPteQ9b4Eydl+pVbIyE1DcvCWgQ==}
    engines: {node: '>=10'}
    dev: true

  /concat-map/0.0.1:
    resolution: {integrity: sha1-2Klr13/Wjfd5OnMDajug1UBdR3s=}
    dev: true

  /cookie/0.4.2:
    resolution: {integrity: sha512-aSWTXFzaKWkvHO1Ny/s+ePFpvKsPnjc551iI41v3ny/ow6tBG5Vd+FuqGNhh1LxOmVzOlGUriIlOaokOvhaStA==}
    engines: {node: '>= 0.6'}
    dev: true

  /cron-schedule/3.0.5:
    resolution: {integrity: sha512-YjtB4jy7RJEX8j9GokHp+y8S/ihCHjrD2Z3E13LSGP/+G0Sdv+MEKsZu5wPLLWwW1HQc4HwpGMFU3GUTStZTaA==}
    dev: true

  /cross-env/7.0.3:
    resolution: {integrity: sha512-+/HKd6EgcQCJGh2PSjZuUitQBQynKor4wrFbRg4DtAgS1aWO+gU52xpH7M9ScGgXSYmAVS9bIJ8EzuaGw0oNAw==}
    engines: {node: '>=10.14', npm: '>=6', yarn: '>=1'}
    hasBin: true
    dependencies:
      cross-spawn: 7.0.3
    dev: true

  /cross-spawn/7.0.3:
    resolution: {integrity: sha512-iRDPJKUPVEND7dHPO8rkbOnPpyDygcDFtWjpeWNCgy8WP2rXcxXL8TskReQl6OrB2G7+UJrags1q15Fudc7G6w==}
    engines: {node: '>= 8'}
    dependencies:
      path-key: 3.1.1
      shebang-command: 2.0.0
      which: 2.0.2
    dev: true

  /dicer/0.3.0:
    resolution: {integrity: sha512-MdceRRWqltEG2dZqO769g27N/3PXfcKl04VhYnBlo2YhH7zPi88VebsjTKclaOyiuMaGU72hTfw3VkUitGcVCA==}
    engines: {node: '>=4.5.0'}
    dependencies:
      streamsearch: 0.1.2
    dev: true

  /dotenv/10.0.0:
    resolution: {integrity: sha512-rlBi9d8jpv9Sf1klPjNfFAuWDjKLwTIJJ/VxtoTwIR6hnZxcEOQCZg2oIL3MWBYw5GpUDKOEnND7LXTbIpQ03Q==}
    engines: {node: '>=10'}
    dev: true

  /esbuild-android-64/0.14.30:
    resolution: {integrity: sha512-vdJ7t8A8msPfKpYUGUV/KaTQRiZ0vDa2XSTlzXVkGGVHLKPeb85PBUtYJcEgw3htW3IdX5i1t1IMdQCwJJgNAg==}
    engines: {node: '>=12'}
    cpu: [x64]
    os: [android]
    requiresBuild: true
    dev: true
    optional: true

  /esbuild-android-arm64/0.14.30:
    resolution: {integrity: sha512-BdgGfxeA5hBQNErLr7BWJUA8xjflEfyaARICy8e0OJYNSAwDbEzOf8LyiKWSrDcgV129mWhi3VpbNQvOIDEHcg==}
    engines: {node: '>=12'}
    cpu: [arm64]
    os: [android]
    requiresBuild: true
    dev: true
    optional: true

  /esbuild-darwin-64/0.14.30:
    resolution: {integrity: sha512-VRaOXMMrsG5n53pl4qFZQdXy2+E0NoLP/QH3aDUI0+bQP+ZHDmbINKcDy2IX7GVFI9kqPS18iJNAs5a6/G2LZg==}
    engines: {node: '>=12'}
    cpu: [x64]
    os: [darwin]
    requiresBuild: true
    dev: true
    optional: true

  /esbuild-darwin-arm64/0.14.30:
    resolution: {integrity: sha512-qDez+fHMOrO9Oc9qjt/x+sy09RJVh62kik5tVybKRLmezeV4qczM9/sAYY57YN0aWLdHbcCj2YqJUWYJNsgKnw==}
    engines: {node: '>=12'}
    cpu: [arm64]
    os: [darwin]
    requiresBuild: true
    dev: true
    optional: true

  /esbuild-freebsd-64/0.14.30:
    resolution: {integrity: sha512-mec1jENcImVVagddZlGWsdAUwBnzR5cgnhzCxv+9fSMxKbx1uZYLLUAnLPp8m/i934zrumR1xGjJ5VoWdPlI2w==}
    engines: {node: '>=12'}
    cpu: [x64]
    os: [freebsd]
    requiresBuild: true
    dev: true
    optional: true

  /esbuild-freebsd-arm64/0.14.30:
    resolution: {integrity: sha512-cpjbTs6Iok/AfeB0JgTzyUJTMStC1SQULmany5nHx6S4GTkSgaAHuJzZO0GcVWqghI4e0YL/bjXAhN5Mn6feNw==}
    engines: {node: '>=12'}
    cpu: [arm64]
    os: [freebsd]
    requiresBuild: true
    dev: true
    optional: true

  /esbuild-linux-32/0.14.30:
    resolution: {integrity: sha512-liIONVT4F2kZmOMwtwASqZ8WkIjb5HHBR9HUffdHiuotSTF3CyZO+EJf+Og+SYYuuVIvt0qHNSFjBA/iSESteQ==}
    engines: {node: '>=12'}
    cpu: [ia32]
    os: [linux]
    requiresBuild: true
    dev: true
    optional: true

  /esbuild-linux-64/0.14.30:
    resolution: {integrity: sha512-LUnpzoMpRqFON5En4qEj6NWiyH6a1K+Y2qYNKrCy5qPTjDoG/EWeqMz69n8Uv7pRuvDKl3FNGJ1dufTrA5i0sw==}
    engines: {node: '>=12'}
    cpu: [x64]
    os: [linux]
    requiresBuild: true
    dev: true
    optional: true

  /esbuild-linux-arm/0.14.30:
    resolution: {integrity: sha512-97T+bbXnpqf7mfIG49UR7ZSJFGgvc22byn74qw3Kx2GDCBSQoVFjyWuKOHGXp8nXk3XYrdFF+mQ8yQ7aNsgQvg==}
    engines: {node: '>=12'}
    cpu: [arm]
    os: [linux]
    requiresBuild: true
    dev: true
    optional: true

  /esbuild-linux-arm64/0.14.30:
    resolution: {integrity: sha512-DHZHn6FK5q/KL0fpNT/0jE38Nnyk2rXxKE9WENi95EXtqfOLPgE8tzjTZQNgpr61R95QX4ymQU26ni3IZk8buQ==}
    engines: {node: '>=12'}
    cpu: [arm64]
    os: [linux]
    requiresBuild: true
    dev: true
    optional: true

  /esbuild-linux-mips64le/0.14.30:
    resolution: {integrity: sha512-fLUzTFZ7uknC0aPTk7/lM7NmaG/9ZqE3SaHEphcaM009SZK/mDOvZugWi1ss6WGNhk13dUrhkfHcc4FSb9hYhg==}
    engines: {node: '>=12'}
    cpu: [mips64el]
    os: [linux]
    requiresBuild: true
    dev: true
    optional: true

  /esbuild-linux-ppc64le/0.14.30:
    resolution: {integrity: sha512-2Oudm2WEfj0dNU9bzIl5L/LrsMEmHWsOsYgJJqu8fDyUDgER+J1d33qz3cUdjsJk7gAENayIxDSpsuCszx0w3A==}
    engines: {node: '>=12'}
    cpu: [ppc64]
    os: [linux]
    requiresBuild: true
    dev: true
    optional: true

  /esbuild-linux-riscv64/0.14.30:
    resolution: {integrity: sha512-RPMucPW47rV4t2jlelaE948iCRtbZf5RhifxSwzlpM1Mqdyu99MMNK0w4jFreGTmLN+oGomxIOxD6n+2E/XqHw==}
    engines: {node: '>=12'}
    cpu: [riscv64]
    os: [linux]
    requiresBuild: true
    dev: true
    optional: true

  /esbuild-linux-s390x/0.14.30:
    resolution: {integrity: sha512-OZ68r7ok6qO7hdwrwQn2p5jbIRRcUcVaAykB7e0uCA0ODwfeGunILM6phJtq2Oz4dlEEFvd+tSuma3paQKwt+A==}
    engines: {node: '>=12'}
    cpu: [s390x]
    os: [linux]
    requiresBuild: true
    dev: true
    optional: true

  /esbuild-netbsd-64/0.14.30:
    resolution: {integrity: sha512-iyejQUKn0TzpPkufq8pSCxOg9NheycQbMbPCmjefTe9wYuUlBt1TcHvdoJnYbQzsAhAh1BNq+s0ycRsIJFZzaQ==}
    engines: {node: '>=12'}
    cpu: [x64]
    os: [netbsd]
    requiresBuild: true
    dev: true
    optional: true

  /esbuild-openbsd-64/0.14.30:
    resolution: {integrity: sha512-UyK1MTMcy4j5fH260fsE1o6MVgWNhb62eCK2yCKCRazZv8Nqdc2WiP9ygjWidmEdCDS+A6MuVp9ozk9uoQtQpA==}
    engines: {node: '>=12'}
    cpu: [x64]
    os: [openbsd]
    requiresBuild: true
    dev: true
    optional: true

  /esbuild-sunos-64/0.14.30:
    resolution: {integrity: sha512-aQRtRTNKHB4YuG+xXATe5AoRTNY48IJg5vjE8ElxfmjO9+KdX7MHFkTLhlKevCD6rNANtB3qOlSIeAiXTwHNqw==}
    engines: {node: '>=12'}
    cpu: [x64]
    os: [sunos]
    requiresBuild: true
    dev: true
    optional: true

  /esbuild-windows-32/0.14.30:
    resolution: {integrity: sha512-9/fb1tPtpacMqxAXp3fGHowUDg/l9dVch5hKmCLEZC6PdGljh6h372zMdJwYfH0Bd5CCPT0Wx95uycBLJiqpXA==}
    engines: {node: '>=12'}
    cpu: [ia32]
    os: [win32]
    requiresBuild: true
    dev: true
    optional: true

  /esbuild-windows-64/0.14.30:
    resolution: {integrity: sha512-DHgITeUhPAnN9I5O6QBa1GVyPOhiYCn4S4TtQr7sO4+X0LNyqnlmA1M0qmGkUdDC1QQfjI8uQ4G/whdWb2pWIQ==}
    engines: {node: '>=12'}
    cpu: [x64]
    os: [win32]
    requiresBuild: true
    dev: true
    optional: true

  /esbuild-windows-arm64/0.14.30:
    resolution: {integrity: sha512-F1kLyQH7zSgjh5eLxogGZN7C9+KNs9m+s7Q6WZoMmCWT/6j998zlaoECHyM8izJRRfsvw2eZlEa1jO6/IOU1AQ==}
    engines: {node: '>=12'}
    cpu: [arm64]
    os: [win32]
    requiresBuild: true
    dev: true
    optional: true

  /esbuild/0.14.30:
    resolution: {integrity: sha512-wCecQSBkIjp2xjuXY+wcXS/PpOQo9rFh4NAKPh4Pm9f3fuLcnxkR0rDzA+mYP88FtXIUcXUyYmaIgfrzRl55jA==}
    engines: {node: '>=12'}
    hasBin: true
    requiresBuild: true
    optionalDependencies:
      esbuild-android-64: 0.14.30
      esbuild-android-arm64: 0.14.30
      esbuild-darwin-64: 0.14.30
      esbuild-darwin-arm64: 0.14.30
      esbuild-freebsd-64: 0.14.30
      esbuild-freebsd-arm64: 0.14.30
      esbuild-linux-32: 0.14.30
      esbuild-linux-64: 0.14.30
      esbuild-linux-arm: 0.14.30
      esbuild-linux-arm64: 0.14.30
      esbuild-linux-mips64le: 0.14.30
      esbuild-linux-ppc64le: 0.14.30
      esbuild-linux-riscv64: 0.14.30
      esbuild-linux-s390x: 0.14.30
      esbuild-netbsd-64: 0.14.30
      esbuild-openbsd-64: 0.14.30
      esbuild-sunos-64: 0.14.30
      esbuild-windows-32: 0.14.30
      esbuild-windows-64: 0.14.30
      esbuild-windows-arm64: 0.14.30
    dev: true

  /follow-redirects/1.15.1:
    resolution: {integrity: sha512-yLAMQs+k0b2m7cVxpS1VKJVvoz7SS9Td1zss3XRwXj+ZDH00RJgnuLx7E44wx02kQLrdM3aOOy+FpzS7+8OizA==}
    engines: {node: '>=4.0'}
    peerDependencies:
      debug: '*'
    peerDependenciesMeta:
      debug:
        optional: true
    dev: true

  /fs-minipass/2.1.0:
    resolution: {integrity: sha512-V/JgOLFCS+R6Vcq0slCuaeWEdNC3ouDlJMNIsacH2VtALiu9mV4LPrHc5cDl8k5aw6J8jwgWWpiTo5RYhmIzvg==}
    engines: {node: '>= 8'}
    dependencies:
      minipass: 3.1.6
    dev: true

  /fs.realpath/1.0.0:
    resolution: {integrity: sha512-OO0pH2lK6a0hZnAdau5ItzHPI6pUlvI7jMVnxUQRtw4owF2wk8lOSabtGDCTP4Ggrg2MbGnWO9X8K1t4+fGMDw==}
    dev: true

  /glob/7.2.3:
    resolution: {integrity: sha512-nFR0zLpU2YCaRxwoCJvL6UvCH2JFyFVIvwTLsIf21AuHlMskA1hhTdk+LlYJtOlYt9v6dvszD2BGRqBL+iQK9Q==}
    dependencies:
      fs.realpath: 1.0.0
      inflight: 1.0.6
      inherits: 2.0.4
      minimatch: 3.1.2
      once: 1.4.0
      path-is-absolute: 1.0.1
    dev: true

  /html-rewriter-wasm/0.4.1:
    resolution: {integrity: sha512-lNovG8CMCCmcVB1Q7xggMSf7tqPCijZXaH4gL6iE8BFghdQCbaY5Met9i1x2Ex8m/cZHDUtXK9H6/znKamRP8Q==}
    dev: true

  /http-cache-semantics/4.1.0:
    resolution: {integrity: sha512-carPklcUh7ROWRK7Cv27RPtdhYhUsela/ue5/jKzjegVvXDqM2ILE9Q2BGn9JZJh1g87cp56su/FgQSzcWS8cQ==}
    dev: true

  /ignore/5.2.0:
    resolution: {integrity: sha512-CmxgYGiEPCLhfLnpPp1MoRmifwEIOgjcHXxOBjv7mY96c+eWScsOP9c112ZyLdWHi0FxHjI+4uVhKYp/gcdRmQ==}
    engines: {node: '>= 4'}
    dev: true

  /inflight/1.0.6:
    resolution: {integrity: sha512-k92I/b08q4wvFscXCLvqfsHCrjrF7yiXsQuIVvVE7N82W3+aqpzuUdBbfhWcy/FZR3/4IgflMgKLOsvPDrGCJA==}
    dependencies:
      once: 1.4.0
      wrappy: 1.0.2
    dev: true

  /inherits/2.0.4:
    resolution: {integrity: sha512-k/vGaX4/Yla3WzyMCvTQOXYeIHvqOKtnqBduzTHpzpQZzAskKMhZ2K+EnBiSM9zGSoIFeMpXKxa4dYeZIQqewQ==}
    dev: true

  /isexe/2.0.0:
    resolution: {integrity: sha1-6PvzdNxVb/iUehDcsFctYz8s+hA=}
    dev: true

  /itty-router/2.6.1:
    resolution: {integrity: sha512-l9gxWe5TOLUESYnBn85Jxd6tIZLWdRX5YKkHIBfSgbNQ7UFPNUGuWihRV+LlEbfJJIzgLmhwAbaWRi5yWJm8kg==}
    dev: false

  /kleur/4.1.4:
    resolution: {integrity: sha512-8QADVssbrFjivHWQU7KkMgptGTl6WAcSdlbBPY4uNF+mWr6DGcKrvY2w4FQJoXch7+fKMjj0dRrL75vk3k23OA==}
    engines: {node: '>=6'}
    dev: true

  /miniflare/2.4.0:
    resolution: {integrity: sha512-xOBL/dQsUL95rxIYO+KrrVPPpm2TAf6TKl4AvhcjSfUeVkzDWd/y9f7hXCt8x6srDoK0Z2LpYouatvSfSUzGOw==}
    engines: {node: '>=16.7'}
    hasBin: true
    peerDependencies:
      '@miniflare/storage-redis': 2.4.0
      cron-schedule: ^3.0.4
      ioredis: ^4.27.9
    peerDependenciesMeta:
      '@miniflare/storage-redis':
        optional: true
      cron-schedule:
        optional: true
      ioredis:
        optional: true
    dependencies:
      '@miniflare/cache': 2.4.0
      '@miniflare/cli-parser': 2.4.0
      '@miniflare/core': 2.4.0
      '@miniflare/durable-objects': 2.4.0
      '@miniflare/html-rewriter': 2.4.0
      '@miniflare/http-server': 2.4.0
      '@miniflare/kv': 2.4.0
      '@miniflare/runner-vm': 2.4.0
      '@miniflare/scheduler': 2.4.0
      '@miniflare/shared': 2.4.0
      '@miniflare/sites': 2.4.0
      '@miniflare/storage-file': 2.4.0
      '@miniflare/storage-memory': 2.4.0
      '@miniflare/web-sockets': 2.4.0
      kleur: 4.1.4
      semiver: 1.1.0
      source-map-support: 0.5.21
      undici: 4.13.0
    transitivePeerDependencies:
      - bufferutil
      - utf-8-validate
    dev: true

  /minimatch/3.1.2:
    resolution: {integrity: sha512-J7p63hRiAjw1NDEww1W7i37+ByIrOWO5XQQAzZ3VOcL0PNybwpfmV/N05zFAzwQ9USyEcX6t3UO+K5aqBQOIHw==}
    dependencies:
      brace-expansion: 1.1.11
    dev: true

  /minipass/3.1.6:
    resolution: {integrity: sha512-rty5kpw9/z8SX9dmxblFA6edItUmwJgMeYDZRrwlIVN27i8gysGbznJwUggw2V/FVqFSDdWy040ZPS811DYAqQ==}
    engines: {node: '>=8'}
    dependencies:
      yallist: 4.0.0
    dev: true

  /minizlib/2.1.2:
    resolution: {integrity: sha512-bAxsR8BVfj60DWXHE3u30oHzfl4G7khkSuPW+qvpd7jFRHm7dLxOjUk1EHACJ/hxLY8phGJ0YhYHZo7jil7Qdg==}
    engines: {node: '>= 8'}
    dependencies:
      minipass: 3.1.6
      yallist: 4.0.0
    dev: true

  /mkdirp/1.0.4:
    resolution: {integrity: sha512-vVqVZQyf3WLx2Shd0qJ9xuvqgAyKPLAiqITEtqW0oIUjzo3PePDd6fW9iFz30ef7Ysp/oiWqbhszeGWW2T6Gzw==}
    engines: {node: '>=10'}
    hasBin: true
    dev: true

  /mustache/4.2.0:
    resolution: {integrity: sha512-71ippSywq5Yb7/tVYyGbkBggbU8H3u5Rz56fH60jGFgr8uHwxs+aSKeqmluIVzM0m0kB7xQjKS6qPfd0b2ZoqQ==}
    hasBin: true
    dev: true

  /node-forge/1.3.1:
    resolution: {integrity: sha512-dPEtOeMvF9VMcYV/1Wb8CPoVAXtp6MKMlcbAt4ddqmGqUJ6fQZFXkNZNkNlfevtNkGtaSoXf/vNNNSvgrdXwtA==}
    engines: {node: '>= 6.13.0'}
    dev: true

  /nope-validator/1.0.2:
    resolution: {integrity: sha512-wmRULNJg4kkzQBJk8WsW2HVMPYUioXDUcIRDIjzS+LnPwKlA9fK79s5bqW3h4H6c2DiGS+2a06xGDaqf+5+3xw==}
    dev: false

  /once/1.4.0:
    resolution: {integrity: sha1-WDsap3WWHUsROsF9nFC6753Xa9E=}
    dependencies:
      wrappy: 1.0.2
    dev: true

  /path-is-absolute/1.0.1:
    resolution: {integrity: sha1-F0uSaHNVNP+8es5r9TpanhtcX18=}
    engines: {node: '>=0.10.0'}
    dev: true

  /path-key/3.1.1:
    resolution: {integrity: sha512-ojmeN0qd+y0jszEtoY48r0Peq5dwMEkIlCOu6Q5f41lfkswXuKtYrhgoTpLnyIcHm24Uhqx+5Tqm2InSwLhE6Q==}
    engines: {node: '>=8'}
    dev: true

  /prettier/1.19.1:
    resolution: {integrity: sha512-s7PoyDv/II1ObgQunCbB9PdLmUcBZcnWOcxDh7O0N/UwDEsHyqkW+Qh28jW+mVuCdx7gLB0BotYI1Y6uI9iyew==}
    engines: {node: '>=4'}
    hasBin: true
    dev: true

  /rimraf/3.0.2:
    resolution: {integrity: sha512-JZkJMZkAGFFPP2YqXZXPbMlMBgsxzE8ILs4lMIX/2o0L9UBw9O/Y3o6wFw/i9YLapcUJWwqbi3kdxIPdC62TIA==}
    hasBin: true
    dependencies:
      glob: 7.2.3
    dev: true

  /selfsigned/2.0.1:
    resolution: {integrity: sha512-LmME957M1zOsUhG+67rAjKfiWFox3SBxE/yymatMZsAx+oMrJ0YQ8AToOnyCm7xbeg2ep37IHLxdu0o2MavQOQ==}
    engines: {node: '>=10'}
    dependencies:
      node-forge: 1.3.1
    dev: true

  /semiver/1.1.0:
    resolution: {integrity: sha512-QNI2ChmuioGC1/xjyYwyZYADILWyW6AmS1UH6gDj/SFUUUS4MBAWs/7mxnkRPc/F4iHezDP+O8t0dO8WHiEOdg==}
    engines: {node: '>=6'}
    dev: true

  /set-cookie-parser/2.4.8:
    resolution: {integrity: sha512-edRH8mBKEWNVIVMKejNnuJxleqYE/ZSdcT8/Nem9/mmosx12pctd80s2Oy00KNZzrogMZS5mauK2/ymL1bvlvg==}
    dev: true

  /shebang-command/2.0.0:
    resolution: {integrity: sha512-kHxr2zZpYtdmrN1qDjrrX/Z1rR1kG8Dx+gkpK1G4eXmvXswmcE1hTWBWYUzlraYw1/yZp6YuDY77YtvbN0dmDA==}
    engines: {node: '>=8'}
    dependencies:
      shebang-regex: 3.0.0
    dev: true

  /shebang-regex/3.0.0:
    resolution: {integrity: sha512-7++dFhtcx3353uBaq8DDR4NuxBetBzC7ZQOhmTQInHEd6bSrXdiEyzCvG07Z44UYdLShWUyXt5M/yhz8ekcb1A==}
    engines: {node: '>=8'}
    dev: true

  /source-map-support/0.5.21:
    resolution: {integrity: sha512-uBHU3L3czsIyYXKX88fdrGovxdSCoTGDRZ6SYXtSRxLZUzHg5P/66Ht6uoUlHu9EZod+inXhKo3qQgwXUT/y1w==}
    dependencies:
      buffer-from: 1.1.2
      source-map: 0.6.1
    dev: true

  /source-map/0.6.1:
    resolution: {integrity: sha512-UjgapumWlbMhkBgzT7Ykc5YXUT46F0iKu8SGXq0bcwP5dz/h0Plj6enJqjz1Zbq2l5WaqYnrVbwWOWMyF3F47g==}
    engines: {node: '>=0.10.0'}
    dev: true

  /stack-trace/0.0.10:
    resolution: {integrity: sha1-VHxws0fo0ytOEI6hoqFZ5f3eGcA=}
    dev: true

  /streamsearch/0.1.2:
    resolution: {integrity: sha1-gIudDlb8Jz2Am6VzOOkpkZoanxo=}
    engines: {node: '>=0.8.0'}
    dev: true

  /tar/6.1.11:
    resolution: {integrity: sha512-an/KZQzQUkZCkuoAA64hM92X0Urb6VpRhAFllDzz44U2mcD5scmT3zBc4VgVpkugF580+DQn8eAFSyoQt0tznA==}
    engines: {node: '>= 10'}
    dependencies:
      chownr: 2.0.0
      fs-minipass: 2.1.0
      minipass: 3.1.6
      minizlib: 2.1.2
      mkdirp: 1.0.4
      yallist: 4.0.0
    dev: true

  /typescript/4.6.3:
    resolution: {integrity: sha512-yNIatDa5iaofVozS/uQJEl3JRWLKKGJKh6Yaiv0GLGSuhpFJe7P3SbHZ8/yjAHRQwKRoA6YZqlfjXWmVzoVSMw==}
    engines: {node: '>=4.2.0'}
    hasBin: true
    dev: true

  /undici/4.13.0:
    resolution: {integrity: sha512-8lk8S/f2V0VUNGf2scU2b+KI2JSzEQLdCyRNRF3XmHu+5jectlSDaPSBCXAHFaUlt1rzngzOBVDgJS9/Gue/KA==}
    engines: {node: '>=12.18'}
    dev: true

  /which/2.0.2:
    resolution: {integrity: sha512-BLI3Tl1TW3Pvl70l3yq3Y64i+awpwXqsGBYWkkqMtnbXgrMD+yj7rhW0kuEDxzJaYXGjEW5ogapKNMEKNMjibA==}
    engines: {node: '>= 8'}
    hasBin: true
    dependencies:
      isexe: 2.0.0
    dev: true

  /wrappy/1.0.2:
    resolution: {integrity: sha1-tSQ9jz7BqjXxNkYFvA0QNuMKtp8=}
    dev: true

  /ws/8.5.0:
    resolution: {integrity: sha512-BWX0SWVgLPzYwF8lTzEy1egjhS4S4OEAHfsO8o65WOVsrnSRGaSiUaa9e0ggGlkMTtBlmOpEXiie9RUcBO86qg==}
    engines: {node: '>=10.0.0'}
    peerDependencies:
      bufferutil: ^4.0.1
      utf-8-validate: ^5.0.2
    peerDependenciesMeta:
      bufferutil:
        optional: true
      utf-8-validate:
        optional: true
    dev: true

  /yallist/4.0.0:
    resolution: {integrity: sha512-3wdGidZyq5PB084XLES5TpOSRA3wjXAlIWMhum2kRcv/41Sn2emQ0dycQW4uZXLejwKvg6EsvbdlVL+FYEct7A==}
    dev: true

  /youch/2.2.2:
    resolution: {integrity: sha512-/FaCeG3GkuJwaMR34GHVg0l8jCbafZLHiFowSjqLlqhC6OMyf2tPJBu8UirF7/NI9X/R5ai4QfEKUCOxMAGxZQ==}
    dependencies:
      '@types/stack-trace': 0.0.29
      cookie: 0.4.2
      mustache: 4.2.0
      stack-trace: 0.0.10
    dev: true
