lockfileVersion: 5.3

specifiers:
  '@cloudflare/workers-types': ^3.4.0
  cross-env: ^7.0.3
  esbuild: ^0.14.30
  itty-router: ^2.6.1
  nope-validator: ^1.0.2
  prettier: ^1.18.2
  typescript: ^4.6.3

dependencies:
  itty-router: 2.6.1
  nope-validator: 1.0.2

devDependencies:
  '@cloudflare/workers-types': 3.4.0
  cross-env: 7.0.3
  esbuild: 0.14.30
  prettier: 1.19.1
  typescript: 4.6.3

packages:

  /@cloudflare/workers-types/3.4.0:
    resolution: {integrity: sha512-i/3czUrt6YqbOWl44OtIqd0cSZvEVXp/1oD/DZylC4PHZL3q/BhbamdEVeVhc/HPk4iD/7MZ2HGaIMO4Z4b12A==}
    dev: true

  /cross-env/7.0.3:
    resolution: {integrity: sha512-+/HKd6EgcQCJGh2PSjZuUitQBQynKor4wrFbRg4DtAgS1aWO+gU52xpH7M9ScGgXSYmAVS9bIJ8EzuaGw0oNAw==}
    engines: {node: '>=10.14', npm: '>=6', yarn: '>=1'}
    hasBin: true
    dependencies:
      cross-spawn: 7.0.3
    dev: true

  /cross-spawn/7.0.3:
    resolution: {integrity: sha512-iRDPJKUPVEND7dHPO8rkbOnPpyDygcDFtWjpeWNCgy8WP2rXcxXL8TskReQl6OrB2G7+UJrags1q15Fudc7G6w==}
    engines: {node: '>= 8'}
    dependencies:
      path-key: 3.1.1
      shebang-command: 2.0.0
      which: 2.0.2
    dev: true

  /esbuild-android-64/0.14.30:
    resolution: {integrity: sha512-vdJ7t8A8msPfKpYUGUV/KaTQRiZ0vDa2XSTlzXVkGGVHLKPeb85PBUtYJcEgw3htW3IdX5i1t1IMdQCwJJgNAg==}
    engines: {node: '>=12'}
    cpu: [x64]
    os: [android]
    requiresBuild: true
    dev: true
    optional: true

  /esbuild-android-arm64/0.14.30:
    resolution: {integrity: sha512-BdgGfxeA5hBQNErLr7BWJUA8xjflEfyaARICy8e0OJYNSAwDbEzOf8LyiKWSrDcgV129mWhi3VpbNQvOIDEHcg==}
    engines: {node: '>=12'}
    cpu: [arm64]
    os: [android]
    requiresBuild: true
    dev: true
    optional: true

  /esbuild-darwin-64/0.14.30:
    resolution: {integrity: sha512-VRaOXMMrsG5n53pl4qFZQdXy2+E0NoLP/QH3aDUI0+bQP+ZHDmbINKcDy2IX7GVFI9kqPS18iJNAs5a6/G2LZg==}
    engines: {node: '>=12'}
    cpu: [x64]
    os: [darwin]
    requiresBuild: true
    dev: true
    optional: true

  /esbuild-darwin-arm64/0.14.30:
    resolution: {integrity: sha512-qDez+fHMOrO9Oc9qjt/x+sy09RJVh62kik5tVybKRLmezeV4qczM9/sAYY57YN0aWLdHbcCj2YqJUWYJNsgKnw==}
    engines: {node: '>=12'}
    cpu: [arm64]
    os: [darwin]
    requiresBuild: true
    dev: true
    optional: true

  /esbuild-freebsd-64/0.14.30:
    resolution: {integrity: sha512-mec1jENcImVVagddZlGWsdAUwBnzR5cgnhzCxv+9fSMxKbx1uZYLLUAnLPp8m/i934zrumR1xGjJ5VoWdPlI2w==}
    engines: {node: '>=12'}
    cpu: [x64]
    os: [freebsd]
    requiresBuild: true
    dev: true
    optional: true

  /esbuild-freebsd-arm64/0.14.30:
    resolution: {integrity: sha512-cpjbTs6Iok/AfeB0JgTzyUJTMStC1SQULmany5nHx6S4GTkSgaAHuJzZO0GcVWqghI4e0YL/bjXAhN5Mn6feNw==}
    engines: {node: '>=12'}
    cpu: [arm64]
    os: [freebsd]
    requiresBuild: true
    dev: true
    optional: true

  /esbuild-linux-32/0.14.30:
    resolution: {integrity: sha512-liIONVT4F2kZmOMwtwASqZ8WkIjb5HHBR9HUffdHiuotSTF3CyZO+EJf+Og+SYYuuVIvt0qHNSFjBA/iSESteQ==}
    engines: {node: '>=12'}
    cpu: [ia32]
    os: [linux]
    requiresBuild: true
    dev: true
    optional: true

  /esbuild-linux-64/0.14.30:
    resolution: {integrity: sha512-LUnpzoMpRqFON5En4qEj6NWiyH6a1K+Y2qYNKrCy5qPTjDoG/EWeqMz69n8Uv7pRuvDKl3FNGJ1dufTrA5i0sw==}
    engines: {node: '>=12'}
    cpu: [x64]
    os: [linux]
    requiresBuild: true
    dev: true
    optional: true

  /esbuild-linux-arm/0.14.30:
    resolution: {integrity: sha512-97T+bbXnpqf7mfIG49UR7ZSJFGgvc22byn74qw3Kx2GDCBSQoVFjyWuKOHGXp8nXk3XYrdFF+mQ8yQ7aNsgQvg==}
    engines: {node: '>=12'}
    cpu: [arm]
    os: [linux]
    requiresBuild: true
    dev: true
    optional: true

  /esbuild-linux-arm64/0.14.30:
    resolution: {integrity: sha512-DHZHn6FK5q/KL0fpNT/0jE38Nnyk2rXxKE9WENi95EXtqfOLPgE8tzjTZQNgpr61R95QX4ymQU26ni3IZk8buQ==}
    engines: {node: '>=12'}
    cpu: [arm64]
    os: [linux]
    requiresBuild: true
    dev: true
    optional: true

  /esbuild-linux-mips64le/0.14.30:
    resolution: {integrity: sha512-fLUzTFZ7uknC0aPTk7/lM7NmaG/9ZqE3SaHEphcaM009SZK/mDOvZugWi1ss6WGNhk13dUrhkfHcc4FSb9hYhg==}
    engines: {node: '>=12'}
    cpu: [mips64el]
    os: [linux]
    requiresBuild: true
    dev: true
    optional: true

  /esbuild-linux-ppc64le/0.14.30:
    resolution: {integrity: sha512-2Oudm2WEfj0dNU9bzIl5L/LrsMEmHWsOsYgJJqu8fDyUDgER+J1d33qz3cUdjsJk7gAENayIxDSpsuCszx0w3A==}
    engines: {node: '>=12'}
    cpu: [ppc64]
    os: [linux]
    requiresBuild: true
    dev: true
    optional: true

  /esbuild-linux-riscv64/0.14.30:
    resolution: {integrity: sha512-RPMucPW47rV4t2jlelaE948iCRtbZf5RhifxSwzlpM1Mqdyu99MMNK0w4jFreGTmLN+oGomxIOxD6n+2E/XqHw==}
    engines: {node: '>=12'}
    cpu: [riscv64]
    os: [linux]
    requiresBuild: true
    dev: true
    optional: true

  /esbuild-linux-s390x/0.14.30:
    resolution: {integrity: sha512-OZ68r7ok6qO7hdwrwQn2p5jbIRRcUcVaAykB7e0uCA0ODwfeGunILM6phJtq2Oz4dlEEFvd+tSuma3paQKwt+A==}
    engines: {node: '>=12'}
    cpu: [s390x]
    os: [linux]
    requiresBuild: true
    dev: true
    optional: true

  /esbuild-netbsd-64/0.14.30:
    resolution: {integrity: sha512-iyejQUKn0TzpPkufq8pSCxOg9NheycQbMbPCmjefTe9wYuUlBt1TcHvdoJnYbQzsAhAh1BNq+s0ycRsIJFZzaQ==}
    engines: {node: '>=12'}
    cpu: [x64]
    os: [netbsd]
    requiresBuild: true
    dev: true
    optional: true

  /esbuild-openbsd-64/0.14.30:
    resolution: {integrity: sha512-UyK1MTMcy4j5fH260fsE1o6MVgWNhb62eCK2yCKCRazZv8Nqdc2WiP9ygjWidmEdCDS+A6MuVp9ozk9uoQtQpA==}
    engines: {node: '>=12'}
    cpu: [x64]
    os: [openbsd]
    requiresBuild: true
    dev: true
    optional: true

  /esbuild-sunos-64/0.14.30:
    resolution: {integrity: sha512-aQRtRTNKHB4YuG+xXATe5AoRTNY48IJg5vjE8ElxfmjO9+KdX7MHFkTLhlKevCD6rNANtB3qOlSIeAiXTwHNqw==}
    engines: {node: '>=12'}
    cpu: [x64]
    os: [sunos]
    requiresBuild: true
    dev: true
    optional: true

  /esbuild-windows-32/0.14.30:
    resolution: {integrity: sha512-9/fb1tPtpacMqxAXp3fGHowUDg/l9dVch5hKmCLEZC6PdGljh6h372zMdJwYfH0Bd5CCPT0Wx95uycBLJiqpXA==}
    engines: {node: '>=12'}
    cpu: [ia32]
    os: [win32]
    requiresBuild: true
    dev: true
    optional: true

  /esbuild-windows-64/0.14.30:
    resolution: {integrity: sha512-DHgITeUhPAnN9I5O6QBa1GVyPOhiYCn4S4TtQr7sO4+X0LNyqnlmA1M0qmGkUdDC1QQfjI8uQ4G/whdWb2pWIQ==}
    engines: {node: '>=12'}
    cpu: [x64]
    os: [win32]
    requiresBuild: true
    dev: true
    optional: true

  /esbuild-windows-arm64/0.14.30:
    resolution: {integrity: sha512-F1kLyQH7zSgjh5eLxogGZN7C9+KNs9m+s7Q6WZoMmCWT/6j998zlaoECHyM8izJRRfsvw2eZlEa1jO6/IOU1AQ==}
    engines: {node: '>=12'}
    cpu: [arm64]
    os: [win32]
    requiresBuild: true
    dev: true
    optional: true

  /esbuild/0.14.30:
    resolution: {integrity: sha512-wCecQSBkIjp2xjuXY+wcXS/PpOQo9rFh4NAKPh4Pm9f3fuLcnxkR0rDzA+mYP88FtXIUcXUyYmaIgfrzRl55jA==}
    engines: {node: '>=12'}
    hasBin: true
    requiresBuild: true
    optionalDependencies:
      esbuild-android-64: 0.14.30
      esbuild-android-arm64: 0.14.30
      esbuild-darwin-64: 0.14.30
      esbuild-darwin-arm64: 0.14.30
      esbuild-freebsd-64: 0.14.30
      esbuild-freebsd-arm64: 0.14.30
      esbuild-linux-32: 0.14.30
      esbuild-linux-64: 0.14.30
      esbuild-linux-arm: 0.14.30
      esbuild-linux-arm64: 0.14.30
      esbuild-linux-mips64le: 0.14.30
      esbuild-linux-ppc64le: 0.14.30
      esbuild-linux-riscv64: 0.14.30
      esbuild-linux-s390x: 0.14.30
      esbuild-netbsd-64: 0.14.30
      esbuild-openbsd-64: 0.14.30
      esbuild-sunos-64: 0.14.30
      esbuild-windows-32: 0.14.30
      esbuild-windows-64: 0.14.30
      esbuild-windows-arm64: 0.14.30
    dev: true

  /isexe/2.0.0:
    resolution: {integrity: sha1-6PvzdNxVb/iUehDcsFctYz8s+hA=}
    dev: true

  /itty-router/2.6.1:
    resolution: {integrity: sha512-l9gxWe5TOLUESYnBn85Jxd6tIZLWdRX5YKkHIBfSgbNQ7UFPNUGuWihRV+LlEbfJJIzgLmhwAbaWRi5yWJm8kg==}
    dev: false

  /nope-validator/1.0.2:
    resolution: {integrity: sha512-wmRULNJg4kkzQBJk8WsW2HVMPYUioXDUcIRDIjzS+LnPwKlA9fK79s5bqW3h4H6c2DiGS+2a06xGDaqf+5+3xw==}
    dev: false

  /path-key/3.1.1:
    resolution: {integrity: sha512-ojmeN0qd+y0jszEtoY48r0Peq5dwMEkIlCOu6Q5f41lfkswXuKtYrhgoTpLnyIcHm24Uhqx+5Tqm2InSwLhE6Q==}
    engines: {node: '>=8'}
    dev: true

  /prettier/1.19.1:
    resolution: {integrity: sha512-s7PoyDv/II1ObgQunCbB9PdLmUcBZcnWOcxDh7O0N/UwDEsHyqkW+Qh28jW+mVuCdx7gLB0BotYI1Y6uI9iyew==}
    engines: {node: '>=4'}
    hasBin: true
    dev: true

  /shebang-command/2.0.0:
    resolution: {integrity: sha512-kHxr2zZpYtdmrN1qDjrrX/Z1rR1kG8Dx+gkpK1G4eXmvXswmcE1hTWBWYUzlraYw1/yZp6YuDY77YtvbN0dmDA==}
    engines: {node: '>=8'}
    dependencies:
      shebang-regex: 3.0.0
    dev: true

  /shebang-regex/3.0.0:
    resolution: {integrity: sha512-7++dFhtcx3353uBaq8DDR4NuxBetBzC7ZQOhmTQInHEd6bSrXdiEyzCvG07Z44UYdLShWUyXt5M/yhz8ekcb1A==}
    engines: {node: '>=8'}
    dev: true

  /typescript/4.6.3:
    resolution: {integrity: sha512-yNIatDa5iaofVozS/uQJEl3JRWLKKGJKh6Yaiv0GLGSuhpFJe7P3SbHZ8/yjAHRQwKRoA6YZqlfjXWmVzoVSMw==}
    engines: {node: '>=4.2.0'}
    hasBin: true
    dev: true

  /which/2.0.2:
    resolution: {integrity: sha512-BLI3Tl1TW3Pvl70l3yq3Y64i+awpwXqsGBYWkkqMtnbXgrMD+yj7rhW0kuEDxzJaYXGjEW5ogapKNMEKNMjibA==}
    engines: {node: '>= 8'}
    hasBin: true
    dependencies:
      isexe: 2.0.0
    dev: true
